// !$*UTF8*$!
{
	archiveVersion = 1;
	classes = {
	};
	objectVersion = 56;
	objects = {

/* Begin PBXBuildFile section */
		2CD2EEF72CA1EAC200910C7B /* HW2_ApiAndPaginationApp.swift in Sources */ = {isa = PBXBuildFile; fileRef = 2CD2EEF62CA1EAC200910C7B /* HW2_ApiAndPaginationApp.swift */; };
		2CD2EEF92CA1EAC200910C7B /* ContentView.swift in Sources */ = {isa = PBXBuildFile; fileRef = 2CD2EEF82CA1EAC200910C7B /* ContentView.swift */; };
		2CD2EEFB2CA1EAC500910C7B /* Assets.xcassets in Resources */ = {isa = PBXBuildFile; fileRef = 2CD2EEFA2CA1EAC500910C7B /* Assets.xcassets */; };
		2CD2EEFE2CA1EAC500910C7B /* Preview Assets.xcassets in Resources */ = {isa = PBXBuildFile; fileRef = 2CD2EEFD2CA1EAC500910C7B /* Preview Assets.xcassets */; };
		2CD2EF072CA1EBB500910C7B /* NetworkingService.swift in Sources */ = {isa = PBXBuildFile; fileRef = 2CD2EF062CA1EBB500910C7B /* NetworkingService.swift */; };
		2CD2EF092CA1EBE700910C7B /* CharacterStatus.swift in Sources */ = {isa = PBXBuildFile; fileRef = 2CD2EF082CA1EBE700910C7B /* CharacterStatus.swift */; };
		2CD2EF0C2CA1EC4900910C7B /* APIResponse.swift in Sources */ = {isa = PBXBuildFile; fileRef = 2CD2EF0B2CA1EC4900910C7B /* APIResponse.swift */; };
		2CD2EF102CA1EC6A00910C7B /* Character.swift in Sources */ = {isa = PBXBuildFile; fileRef = 2CD2EF0F2CA1EC6A00910C7B /* Character.swift */; };
		2CD2EF122CA1ECAB00910C7B /* Episode.swift in Sources */ = {isa = PBXBuildFile; fileRef = 2CD2EF112CA1ECAB00910C7B /* Episode.swift */; };
		2CD2EF142CA1ECCC00910C7B /* Location.swift in Sources */ = {isa = PBXBuildFile; fileRef = 2CD2EF132CA1ECCC00910C7B /* Location.swift */; };
		2CD2EF162CA1ED5200910C7B /* CharacterListScreen.swift in Sources */ = {isa = PBXBuildFile; fileRef = 2CD2EF152CA1ED5200910C7B /* CharacterListScreen.swift */; };
		2CD2EF192CA1EDC600910C7B /* CharacterCell.swift in Sources */ = {isa = PBXBuildFile; fileRef = 2CD2EF182CA1EDC600910C7B /* CharacterCell.swift */; };
		2CD2EF1C2CA1EDE100910C7B /* AsyncImageView.swift in Sources */ = {isa = PBXBuildFile; fileRef = 2CD2EF1B2CA1EDE100910C7B /* AsyncImageView.swift */; };
		2CD2EF1F2CA1EF6400910C7B /* CharacterDetailScreen.swift in Sources */ = {isa = PBXBuildFile; fileRef = 2CD2EF1E2CA1EF6400910C7B /* CharacterDetailScreen.swift */; };
		2CD2EF222CA1FF9600910C7B /* EpisodeList.swift in Sources */ = {isa = PBXBuildFile; fileRef = 2CD2EF212CA1FF9600910C7B /* EpisodeList.swift */; };
/* End PBXBuildFile section */

/* Begin PBXFileReference section */
		2CD2EEF32CA1EAC200910C7B /* HW2-ApiAndPagination.app */ = {isa = PBXFileReference; explicitFileType = wrapper.application; includeInIndex = 0; path = "HW2-ApiAndPagination.app"; sourceTree = BUILT_PRODUCTS_DIR; };
		2CD2EEF62CA1EAC200910C7B /* HW2_ApiAndPaginationApp.swift */ = {isa = PBXFileReference; lastKnownFileType = sourcecode.swift; path = HW2_ApiAndPaginationApp.swift; sourceTree = "<group>"; };
		2CD2EEF82CA1EAC200910C7B /* ContentView.swift */ = {isa = PBXFileReference; lastKnownFileType = sourcecode.swift; path = ContentView.swift; sourceTree = "<group>"; };
		2CD2EEFA2CA1EAC500910C7B /* Assets.xcassets */ = {isa = PBXFileReference; lastKnownFileType = folder.assetcatalog; path = Assets.xcassets; sourceTree = "<group>"; };
		2CD2EEFD2CA1EAC500910C7B /* Preview Assets.xcassets */ = {isa = PBXFileReference; lastKnownFileType = folder.assetcatalog; path = "Preview Assets.xcassets"; sourceTree = "<group>"; };
		2CD2EF062CA1EBB500910C7B /* NetworkingService.swift */ = {isa = PBXFileReference; lastKnownFileType = sourcecode.swift; path = NetworkingService.swift; sourceTree = "<group>"; };
		2CD2EF082CA1EBE700910C7B /* CharacterStatus.swift */ = {isa = PBXFileReference; lastKnownFileType = sourcecode.swift; path = CharacterStatus.swift; sourceTree = "<group>"; };
		2CD2EF0B2CA1EC4900910C7B /* APIResponse.swift */ = {isa = PBXFileReference; lastKnownFileType = sourcecode.swift; path = APIResponse.swift; sourceTree = "<group>"; };
		2CD2EF0F2CA1EC6A00910C7B /* Character.swift */ = {isa = PBXFileReference; lastKnownFileType = sourcecode.swift; path = Character.swift; sourceTree = "<group>"; };
		2CD2EF112CA1ECAB00910C7B /* Episode.swift */ = {isa = PBXFileReference; lastKnownFileType = sourcecode.swift; path = Episode.swift; sourceTree = "<group>"; };
		2CD2EF132CA1ECCC00910C7B /* Location.swift */ = {isa = PBXFileReference; lastKnownFileType = sourcecode.swift; path = Location.swift; sourceTree = "<group>"; };
		2CD2EF152CA1ED5200910C7B /* CharacterListScreen.swift */ = {isa = PBXFileReference; lastKnownFileType = sourcecode.swift; path = CharacterListScreen.swift; sourceTree = "<group>"; };
		2CD2EF182CA1EDC600910C7B /* CharacterCell.swift */ = {isa = PBXFileReference; lastKnownFileType = sourcecode.swift; path = CharacterCell.swift; sourceTree = "<group>"; };
		2CD2EF1B2CA1EDE100910C7B /* AsyncImageView.swift */ = {isa = PBXFileReference; lastKnownFileType = sourcecode.swift; path = AsyncImageView.swift; sourceTree = "<group>"; };
		2CD2EF1E2CA1EF6400910C7B /* CharacterDetailScreen.swift */ = {isa = PBXFileReference; lastKnownFileType = sourcecode.swift; path = CharacterDetailScreen.swift; sourceTree = "<group>"; };
		2CD2EF212CA1FF9600910C7B /* EpisodeList.swift */ = {isa = PBXFileReference; lastKnownFileType = sourcecode.swift; path = EpisodeList.swift; sourceTree = "<group>"; };
/* End PBXFileReference section */

/* Begin PBXFrameworksBuildPhase section */
		2CD2EEF02CA1EAC200910C7B /* Frameworks */ = {
			isa = PBXFrameworksBuildPhase;
			buildActionMask = 2147483647;
			files = (
			);
			runOnlyForDeploymentPostprocessing = 0;
		};
/* End PBXFrameworksBuildPhase section */

/* Begin PBXGroup section */
		2CD2EEEA2CA1EAC200910C7B = {
			isa = PBXGroup;
			children = (
				2CD2EEF52CA1EAC200910C7B /* HW2-ApiAndPagination */,
				2CD2EEF42CA1EAC200910C7B /* Products */,
			);
			sourceTree = "<group>";
		};
		2CD2EEF42CA1EAC200910C7B /* Products */ = {
			isa = PBXGroup;
			children = (
				2CD2EEF32CA1EAC200910C7B /* HW2-ApiAndPagination.app */,
			);
			name = Products;
			sourceTree = "<group>";
		};
		2CD2EEF52CA1EAC200910C7B /* HW2-ApiAndPagination */ = {
			isa = PBXGroup;
			children = (
				2CD2EF1A2CA1EDD500910C7B /* Common */,
				2CD2EF052CA1EB9B00910C7B /* Service */,
				2CD2EF042CA1EB9600910C7B /* Screens */,
				2CD2EEF62CA1EAC200910C7B /* HW2_ApiAndPaginationApp.swift */,
				2CD2EEF82CA1EAC200910C7B /* ContentView.swift */,
				2CD2EEFA2CA1EAC500910C7B /* Assets.xcassets */,
				2CD2EEFC2CA1EAC500910C7B /* Preview Content */,
			);
			path = "HW2-ApiAndPagination";
			sourceTree = "<group>";
		};
		2CD2EEFC2CA1EAC500910C7B /* Preview Content */ = {
			isa = PBXGroup;
			children = (
				2CD2EEFD2CA1EAC500910C7B /* Preview Assets.xcassets */,
			);
			path = "Preview Content";
			sourceTree = "<group>";
		};
		2CD2EF042CA1EB9600910C7B /* Screens */ = {
			isa = PBXGroup;
			children = (
				2CD2EF202CA1FF8500910C7B /* EpisodeList */,
				2CD2EF1D2CA1EF4900910C7B /* CharacterDetail */,
				2CD2EF172CA1EDAD00910C7B /* CharacterList */,
			);
			path = Screens;
			sourceTree = "<group>";
		};
		2CD2EF052CA1EB9B00910C7B /* Service */ = {
			isa = PBXGroup;
			children = (
				2CD2EF062CA1EBB500910C7B /* NetworkingService.swift */,
				2CD2EF082CA1EBE700910C7B /* CharacterStatus.swift */,
				2CD2EF0A2CA1EC2600910C7B /* Models */,
			);
			path = Service;
			sourceTree = "<group>";
		};
		2CD2EF0A2CA1EC2600910C7B /* Models */ = {
			isa = PBXGroup;
			children = (
				2CD2EF0B2CA1EC4900910C7B /* APIResponse.swift */,
				2CD2EF0F2CA1EC6A00910C7B /* Character.swift */,
				2CD2EF112CA1ECAB00910C7B /* Episode.swift */,
				2CD2EF132CA1ECCC00910C7B /* Location.swift */,
			);
			path = Models;
			sourceTree = "<group>";
		};
		2CD2EF172CA1EDAD00910C7B /* CharacterList */ = {
			isa = PBXGroup;
			children = (
				2CD2EF152CA1ED5200910C7B /* CharacterListScreen.swift */,
				2CD2EF182CA1EDC600910C7B /* CharacterCell.swift */,
			);
			path = CharacterList;
			sourceTree = "<group>";
		};
		2CD2EF1A2CA1EDD500910C7B /* Common */ = {
			isa = PBXGroup;
			children = (
				2CD2EF1B2CA1EDE100910C7B /* AsyncImageView.swift */,
			);
			path = Common;
			sourceTree = "<group>";
		};
		2CD2EF1D2CA1EF4900910C7B /* CharacterDetail */ = {
			isa = PBXGroup;
			children = (
				2CD2EF1E2CA1EF6400910C7B /* CharacterDetailScreen.swift */,
			);
			path = CharacterDetail;
			sourceTree = "<group>";
		};
		2CD2EF202CA1FF8500910C7B /* EpisodeList */ = {
			isa = PBXGroup;
			children = (
				2CD2EF212CA1FF9600910C7B /* EpisodeList.swift */,
			);
			path = EpisodeList;
			sourceTree = "<group>";
		};
/* End PBXGroup section */

/* Begin PBXNativeTarget section */
		2CD2EEF22CA1EAC200910C7B /* HW2-ApiAndPagination */ = {
			isa = PBXNativeTarget;
			buildConfigurationList = 2CD2EF012CA1EAC500910C7B /* Build configuration list for PBXNativeTarget "HW2-ApiAndPagination" */;
			buildPhases = (
				2CD2EEEF2CA1EAC200910C7B /* Sources */,
				2CD2EEF02CA1EAC200910C7B /* Frameworks */,
				2CD2EEF12CA1EAC200910C7B /* Resources */,
			);
			buildRules = (
			);
			dependencies = (
			);
			name = "HW2-ApiAndPagination";
			productName = "HW2-ApiAndPagination";
			productReference = 2CD2EEF32CA1EAC200910C7B /* HW2-ApiAndPagination.app */;
			productType = "com.apple.product-type.application";
		};
/* End PBXNativeTarget section */

/* Begin PBXProject section */
		2CD2EEEB2CA1EAC200910C7B /* Project object */ = {
			isa = PBXProject;
			attributes = {
				BuildIndependentTargetsInParallel = 1;
				LastSwiftUpdateCheck = 1500;
				LastUpgradeCheck = 1500;
				TargetAttributes = {
					2CD2EEF22CA1EAC200910C7B = {
						CreatedOnToolsVersion = 15.0.1;
					};
				};
			};
			buildConfigurationList = 2CD2EEEE2CA1EAC200910C7B /* Build configuration list for PBXProject "HW2-ApiAndPagination" */;
			compatibilityVersion = "Xcode 14.0";
			developmentRegion = en;
			hasScannedForEncodings = 0;
			knownRegions = (
				en,
				Base,
			);
			mainGroup = 2CD2EEEA2CA1EAC200910C7B;
			productRefGroup = 2CD2EEF42CA1EAC200910C7B /* Products */;
			projectDirPath = "";
			projectRoot = "";
			targets = (
				2CD2EEF22CA1EAC200910C7B /* HW2-ApiAndPagination */,
			);
		};
/* End PBXProject section */

/* Begin PBXResourcesBuildPhase section */
		2CD2EEF12CA1EAC200910C7B /* Resources */ = {
			isa = PBXResourcesBuildPhase;
			buildActionMask = 2147483647;
			files = (
				2CD2EEFE2CA1EAC500910C7B /* Preview Assets.xcassets in Resources */,
				2CD2EEFB2CA1EAC500910C7B /* Assets.xcassets in Resources */,
			);
			runOnlyForDeploymentPostprocessing = 0;
		};
/* End PBXResourcesBuildPhase section */

/* Begin PBXSourcesBuildPhase section */
		2CD2EEEF2CA1EAC200910C7B /* Sources */ = {
			isa = PBXSourcesBuildPhase;
			buildActionMask = 2147483647;
			files = (
				2CD2EF222CA1FF9600910C7B /* EpisodeList.swift in Sources */,
				2CD2EF072CA1EBB500910C7B /* NetworkingService.swift in Sources */,
				2CD2EF122CA1ECAB00910C7B /* Episode.swift in Sources */,
				2CD2EF1F2CA1EF6400910C7B /* CharacterDetailScreen.swift in Sources */,
				2CD2EF142CA1ECCC00910C7B /* Location.swift in Sources */,
				2CD2EF092CA1EBE700910C7B /* CharacterStatus.swift in Sources */,
				2CD2EF162CA1ED5200910C7B /* CharacterListScreen.swift in Sources */,
				2CD2EF1C2CA1EDE100910C7B /* AsyncImageView.swift in Sources */,
				2CD2EF192CA1EDC600910C7B /* CharacterCell.swift in Sources */,
				2CD2EEF92CA1EAC200910C7B /* ContentView.swift in Sources */,
				2CD2EF102CA1EC6A00910C7B /* Character.swift in Sources */,
				2CD2EF0C2CA1EC4900910C7B /* APIResponse.swift in Sources */,
				2CD2EEF72CA1EAC200910C7B /* HW2_ApiAndPaginationApp.swift in Sources */,
			);
			runOnlyForDeploymentPostprocessing = 0;
		};
/* End PBXSourcesBuildPhase section */

/* Begin XCBuildConfiguration section */
		2CD2EEFF2CA1EAC500910C7B /* Debug */ = {
			isa = XCBuildConfiguration;
			buildSettings = {
				ALWAYS_SEARCH_USER_PATHS = NO;
				ASSETCATALOG_COMPILER_GENERATE_SWIFT_ASSET_SYMBOL_EXTENSIONS = YES;
				CLANG_ANALYZER_NONNULL = YES;
				CLANG_ANALYZER_NUMBER_OBJECT_CONVERSION = YES_AGGRESSIVE;
				CLANG_CXX_LANGUAGE_STANDARD = "gnu++20";
				CLANG_ENABLE_MODULES = YES;
				CLANG_ENABLE_OBJC_ARC = YES;
				CLANG_ENABLE_OBJC_WEAK = YES;
				CLANG_WARN_BLOCK_CAPTURE_AUTORELEASING = YES;
				CLANG_WARN_BOOL_CONVERSION = YES;
				CLANG_WARN_COMMA = YES;
				CLANG_WARN_CONSTANT_CONVERSION = YES;
				CLANG_WARN_DEPRECATED_OBJC_IMPLEMENTATIONS = YES;
				CLANG_WARN_DIRECT_OBJC_ISA_USAGE = YES_ERROR;
				CLANG_WARN_DOCUMENTATION_COMMENTS = YES;
				CLANG_WARN_EMPTY_BODY = YES;
				CLANG_WARN_ENUM_CONVERSION = YES;
				CLANG_WARN_INFINITE_RECURSION = YES;
				CLANG_WARN_INT_CONVERSION = YES;
				CLANG_WARN_NON_LITERAL_NULL_CONVERSION = YES;
				CLANG_WARN_OBJC_IMPLICIT_RETAIN_SELF = YES;
				CLANG_WARN_OBJC_LITERAL_CONVERSION = YES;
				CLANG_WARN_OBJC_ROOT_CLASS = YES_ERROR;
				CLANG_WARN_QUOTED_INCLUDE_IN_FRAMEWORK_HEADER = YES;
				CLANG_WARN_RANGE_LOOP_ANALYSIS = YES;
				CLANG_WARN_STRICT_PROTOTYPES = YES;
				CLANG_WARN_SUSPICIOUS_MOVE = YES;
				CLANG_WARN_UNGUARDED_AVAILABILITY = YES_AGGRESSIVE;
				CLANG_WARN_UNREACHABLE_CODE = YES;
				CLANG_WARN__DUPLICATE_METHOD_MATCH = YES;
				COPY_PHASE_STRIP = NO;
				DEBUG_INFORMATION_FORMAT = dwarf;
				ENABLE_STRICT_OBJC_MSGSEND = YES;
				ENABLE_TESTABILITY = YES;
				ENABLE_USER_SCRIPT_SANDBOXING = YES;
				GCC_C_LANGUAGE_STANDARD = gnu17;
				GCC_DYNAMIC_NO_PIC = NO;
				GCC_NO_COMMON_BLOCKS = YES;
				GCC_OPTIMIZATION_LEVEL = 0;
				GCC_PREPROCESSOR_DEFINITIONS = (
					"DEBUG=1",
					"$(inherited)",
				);
				GCC_WARN_64_TO_32_BIT_CONVERSION = YES;
				GCC_WARN_ABOUT_RETURN_TYPE = YES_ERROR;
				GCC_WARN_UNDECLARED_SELECTOR = YES;
				GCC_WARN_UNINITIALIZED_AUTOS = YES_AGGRESSIVE;
				GCC_WARN_UNUSED_FUNCTION = YES;
				GCC_WARN_UNUSED_VARIABLE = YES;
				IPHONEOS_DEPLOYMENT_TARGET = 17.0;
				LOCALIZATION_PREFERS_STRING_CATALOGS = YES;
				MTL_ENABLE_DEBUG_INFO = INCLUDE_SOURCE;
				MTL_FAST_MATH = YES;
				ONLY_ACTIVE_ARCH = YES;
				SDKROOT = iphoneos;
				SWIFT_ACTIVE_COMPILATION_CONDITIONS = "DEBUG $(inherited)";
				SWIFT_OPTIMIZATION_LEVEL = "-Onone";
			};
			name = Debug;
		};
		2CD2EF002CA1EAC500910C7B /* Release */ = {
			isa = XCBuildConfiguration;
			buildSettings = {
				ALWAYS_SEARCH_USER_PATHS = NO;
				ASSETCATALOG_COMPILER_GENERATE_SWIFT_ASSET_SYMBOL_EXTENSIONS = YES;
				CLANG_ANALYZER_NONNULL = YES;
				CLANG_ANALYZER_NUMBER_OBJECT_CONVERSION = YES_AGGRESSIVE;
				CLANG_CXX_LANGUAGE_STANDARD = "gnu++20";
				CLANG_ENABLE_MODULES = YES;
				CLANG_ENABLE_OBJC_ARC = YES;
				CLANG_ENABLE_OBJC_WEAK = YES;
				CLANG_WARN_BLOCK_CAPTURE_AUTORELEASING = YES;
				CLANG_WARN_BOOL_CONVERSION = YES;
				CLANG_WARN_COMMA = YES;
				CLANG_WARN_CONSTANT_CONVERSION = YES;
				CLANG_WARN_DEPRECATED_OBJC_IMPLEMENTATIONS = YES;
				CLANG_WARN_DIRECT_OBJC_ISA_USAGE = YES_ERROR;
				CLANG_WARN_DOCUMENTATION_COMMENTS = YES;
				CLANG_WARN_EMPTY_BODY = YES;
				CLANG_WARN_ENUM_CONVERSION = YES;
				CLANG_WARN_INFINITE_RECURSION = YES;
				CLANG_WARN_INT_CONVERSION = YES;
				CLANG_WARN_NON_LITERAL_NULL_CONVERSION = YES;
				CLANG_WARN_OBJC_IMPLICIT_RETAIN_SELF = YES;
				CLANG_WARN_OBJC_LITERAL_CONVERSION = YES;
				CLANG_WARN_OBJC_ROOT_CLASS = YES_ERROR;
				CLANG_WARN_QUOTED_INCLUDE_IN_FRAMEWORK_HEADER = YES;
				CLANG_WARN_RANGE_LOOP_ANALYSIS = YES;
				CLANG_WARN_STRICT_PROTOTYPES = YES;
				CLANG_WARN_SUSPICIOUS_MOVE = YES;
				CLANG_WARN_UNGUARDED_AVAILABILITY = YES_AGGRESSIVE;
				CLANG_WARN_UNREACHABLE_CODE = YES;
				CLANG_WARN__DUPLICATE_METHOD_MATCH = YES;
				COPY_PHASE_STRIP = NO;
				DEBUG_INFORMATION_FORMAT = "dwarf-with-dsym";
				ENABLE_NS_ASSERTIONS = NO;
				ENABLE_STRICT_OBJC_MSGSEND = YES;
				ENABLE_USER_SCRIPT_SANDBOXING = YES;
				GCC_C_LANGUAGE_STANDARD = gnu17;
				GCC_NO_COMMON_BLOCKS = YES;
				GCC_WARN_64_TO_32_BIT_CONVERSION = YES;
				GCC_WARN_ABOUT_RETURN_TYPE = YES_ERROR;
				GCC_WARN_UNDECLARED_SELECTOR = YES;
				GCC_WARN_UNINITIALIZED_AUTOS = YES_AGGRESSIVE;
				GCC_WARN_UNUSED_FUNCTION = YES;
				GCC_WARN_UNUSED_VARIABLE = YES;
				IPHONEOS_DEPLOYMENT_TARGET = 17.0;
				LOCALIZATION_PREFERS_STRING_CATALOGS = YES;
				MTL_ENABLE_DEBUG_INFO = NO;
				MTL_FAST_MATH = YES;
				SDKROOT = iphoneos;
				SWIFT_COMPILATION_MODE = wholemodule;
				VALIDATE_PRODUCT = YES;
			};
			name = Release;
		};
		2CD2EF022CA1EAC500910C7B /* Debug */ = {
			isa = XCBuildConfiguration;
			buildSettings = {
				ASSETCATALOG_COMPILER_APPICON_NAME = AppIcon;
				ASSETCATALOG_COMPILER_GLOBAL_ACCENT_COLOR_NAME = AccentColor;
				CODE_SIGN_STYLE = Automatic;
				CURRENT_PROJECT_VERSION = 1;
				DEVELOPMENT_ASSET_PATHS = "\"HW2-ApiAndPagination/Preview Content\"";
				DEVELOPMENT_TEAM = 35953V9L7K;
				ENABLE_PREVIEWS = YES;
				GENERATE_INFOPLIST_FILE = YES;
				INFOPLIST_KEY_CFBundleDisplayName = HW2;
				INFOPLIST_KEY_UIApplicationSceneManifest_Generation = YES;
				INFOPLIST_KEY_UIApplicationSupportsIndirectInputEvents = YES;
				INFOPLIST_KEY_UILaunchScreen_Generation = YES;
				INFOPLIST_KEY_UISupportedInterfaceOrientations = UIInterfaceOrientationPortrait;
				INFOPLIST_KEY_UISupportedInterfaceOrientations_iPad = "UIInterfaceOrientationLandscapeLeft UIInterfaceOrientationLandscapeRight UIInterfaceOrientationPortrait UIInterfaceOrientationPortraitUpsideDown";
				LD_RUNPATH_SEARCH_PATHS = (
					"$(inherited)",
					"@executable_path/Frameworks",
				);
				MARKETING_VERSION = 1.0;
				PRODUCT_BUNDLE_IDENTIFIER = "com.ulGord.HW2-ApiAndPagination";
				PRODUCT_NAME = "$(TARGET_NAME)";
				SUPPORTED_PLATFORMS = "iphoneos iphonesimulator";
				SUPPORTS_MACCATALYST = NO;
				SUPPORTS_MAC_DESIGNED_FOR_IPHONE_IPAD = NO;
				SWIFT_EMIT_LOC_STRINGS = YES;
				SWIFT_VERSION = 5.0;
				TARGETED_DEVICE_FAMILY = 1;
			};
			name = Debug;
		};
		2CD2EF032CA1EAC500910C7B /* Release */ = {
			isa = XCBuildConfiguration;
			buildSettings = {
				ASSETCATALOG_COMPILER_APPICON_NAME = AppIcon;
				ASSETCATALOG_COMPILER_GLOBAL_ACCENT_COLOR_NAME = AccentColor;
				CODE_SIGN_STYLE = Automatic;
				CURRENT_PROJECT_VERSION = 1;
				DEVELOPMENT_ASSET_PATHS = "\"HW2-ApiAndPagination/Preview Content\"";
				DEVELOPMENT_TEAM = 35953V9L7K;
				ENABLE_PREVIEWS = YES;
				GENERATE_INFOPLIST_FILE = YES;
				INFOPLIST_KEY_CFBundleDisplayName = HW2;
				INFOPLIST_KEY_UIApplicationSceneManifest_Generation = YES;
				INFOPLIST_KEY_UIApplicationSupportsIndirectInputEvents = YES;
				INFOPLIST_KEY_UILaunchScreen_Generation = YES;
				INFOPLIST_KEY_UISupportedInterfaceOrientations = UIInterfaceOrientationPortrait;
				INFOPLIST_KEY_UISupportedInterfaceOrientations_iPad = "UIInterfaceOrientationLandscapeLeft UIInterfaceOrientationLandscapeRight UIInterfaceOrientationPortrait UIInterfaceOrientationPortraitUpsideDown";
				LD_RUNPATH_SEARCH_PATHS = (
					"$(inherited)",
					"@executable_path/Frameworks",
				);
				MARKETING_VERSION = 1.0;
				PRODUCT_BUNDLE_IDENTIFIER = "com.ulGord.HW2-ApiAndPagination";
				PRODUCT_NAME = "$(TARGET_NAME)";
				SUPPORTED_PLATFORMS = "iphoneos iphonesimulator";
				SUPPORTS_MACCATALYST = NO;
				SUPPORTS_MAC_DESIGNED_FOR_IPHONE_IPAD = NO;
				SWIFT_EMIT_LOC_STRINGS = YES;
				SWIFT_VERSION = 5.0;
				TARGETED_DEVICE_FAMILY = 1;
			};
			name = Release;
		};
/* End XCBuildConfiguration section */

/* Begin XCConfigurationList section */
		2CD2EEEE2CA1EAC200910C7B /* Build configuration list for PBXProject "HW2-ApiAndPagination" */ = {
			isa = XCConfigurationList;
			buildConfigurations = (
				2CD2EEFF2CA1EAC500910C7B /* Debug */,
				2CD2EF002CA1EAC500910C7B /* Release */,
			);
			defaultConfigurationIsVisible = 0;
			defaultConfigurationName = Release;
		};
		2CD2EF012CA1EAC500910C7B /* Build configuration list for PBXNativeTarget "HW2-ApiAndPagination" */ = {
			isa = XCConfigurationList;
			buildConfigurations = (
				2CD2EF022CA1EAC500910C7B /* Debug */,
				2CD2EF032CA1EAC500910C7B /* Release */,
			);
			defaultConfigurationIsVisible = 0;
			defaultConfigurationName = Release;
		};
/* End XCConfigurationList section */
	};
	rootObject = 2CD2EEEB2CA1EAC200910C7B /* Project object */;
}
